{
  "name": "grid",
  "version": "1.0.0",
  "lockfileVersion": 1,
  "requires": true,
  "dependencies": {
    "bulma": {
      "version": "0.8.0",
      "resolved": "https://registry.npmjs.org/bulma/-/bulma-0.8.0.tgz",
      "integrity": "sha512-nhf3rGyiZh/VM7FrSJ/5KeLlfaFkXz0nYcXriynfPH4vVpnxnqyEwaNGdNCVzHyyCA3cHgkQAMpdF/SFbFGZfA=="
    },
    "uikit": {
      "version": "3.4.1",
      "resolved": "https://registry.npmjs.org/uikit/-/uikit-3.4.1.tgz",
      "integrity": "sha512-IXCJZ5mXTZwdpuhTwMbxaoHxfQdfpZHwlcAomLNTG8BrsBhUc7ExR9zvdzKC+3/kHV16Ros5+lmPeQf/YG/NPA=="
    }
  }
}
